
Microsoft Visual Studio Solution File, Format Version 12.00
# Visual Studio 14
VisualStudioVersion = 14.0.25123.0
MinimumVisualStudioVersion = 10.0.40219.1
Project("{FAE04EC0-301F-11D3-BF4B-00C04F79EFBC}") = "SBiiXpress", "SBiiXpress\SBiiXpress.csproj", "{64574498-661C-476B-AD97-C7FE0A257F90}"
EndProject
Project("{54435603-DBB4-11D2-8724-00A0C9A8B90C}") = "SbiiXpress - Setup", "Setup\Setup.vdproj", "{168623DB-7D1B-488E-96FE-1653639123B3}"
EndProject
Global
	GlobalSection(SolutionConfigurationPlatforms) = preSolution
		Debug|Any CPU = Debug|Any CPU
		Debug|x86 = Debug|x86
		Release|Any CPU = Release|Any CPU
		Release|x86 = Release|x86
	EndGlobalSection
	GlobalSection(ProjectConfigurationPlatforms) = postSolution
		{64574498-661C-476B-AD97-C7FE0A257F90}.Debug|Any CPU.ActiveCfg = Debug|x86
		{64574498-661C-476B-AD97-C7FE0A257F90}.Debug|x86.ActiveCfg = Debug|x86
		{64574498-661C-476B-AD97-C7FE0A257F90}.Debug|x86.Build.0 = Debug|x86
		{64574498-661C-476B-AD97-C7FE0A257F90}.Release|Any CPU.ActiveCfg = Release|x86
		{64574498-661C-476B-AD97-C7FE0A257F90}.Release|x86.ActiveCfg = Release|x86
		{64574498-661C-476B-AD97-C7FE0A257F90}.Release|x86.Build.0 = Release|x86
		{168623DB-7D1B-488E-96FE-1653639123B3}.Debug|Any CPU.ActiveCfg = Debug
		{168623DB-7D1B-488E-96FE-1653639123B3}.Debug|Any CPU.Build.0 = Debug
		{168623DB-7D1B-488E-96FE-1653639123B3}.Debug|x86.ActiveCfg = Debug
		{168623DB-7D1B-488E-96FE-1653639123B3}.Release|Any CPU.ActiveCfg = Release
		{168623DB-7D1B-488E-96FE-1653639123B3}.Release|Any CPU.Build.0 = Release
		{168623DB-7D1B-488E-96FE-1653639123B3}.Release|x86.ActiveCfg = Release
	EndGlobalSection
	GlobalSection(SolutionProperties) = preSolution
		HideSolutionNode = FALSE
	EndGlobalSection
EndGlobal
